// !$*UTF8*$!
{
	archiveVersion = 1;
	classes = {
	};
	objectVersion = 50;
	objects = {

/* Begin PBXBuildFile section */
		79101B4D24F2A47800B4046A /* AppDelegate.swift in Sources */ = {isa = PBXBuildFile; fileRef = 79101B4C24F2A47800B4046A /* AppDelegate.swift */; };
		79101B4F24F2A47800B4046A /* SceneDelegate.swift in Sources */ = {isa = PBXBuildFile; fileRef = 79101B4E24F2A47800B4046A /* SceneDelegate.swift */; };
		79101B5124F2A47800B4046A /* ContentView.swift in Sources */ = {isa = PBXBuildFile; fileRef = 79101B5024F2A47800B4046A /* ContentView.swift */; };
		79101B5324F2A47900B4046A /* Assets.xcassets in Resources */ = {isa = PBXBuildFile; fileRef = 79101B5224F2A47900B4046A /* Assets.xcassets */; };
		79101B5624F2A47900B4046A /* Preview Assets.xcassets in Resources */ = {isa = PBXBuildFile; fileRef = 79101B5524F2A47900B4046A /* Preview Assets.xcassets */; };
		79101B5924F2A47900B4046A /* LaunchScreen.storyboard in Resources */ = {isa = PBXBuildFile; fileRef = 79101B5724F2A47900B4046A /* LaunchScreen.storyboard */; };
		79101B6424F2A47900B4046A /* BrasileirappTests.swift in Sources */ = {isa = PBXBuildFile; fileRef = 79101B6324F2A47900B4046A /* BrasileirappTests.swift */; };
		79101C0824F2A8B100B4046A /* ListChampionship.framework in Frameworks */ = {isa = PBXBuildFile; fileRef = 79101C0724F2A8B100B4046A /* ListChampionship.framework */; };
		79101C0924F2A8B100B4046A /* ListChampionship.framework in Embed Frameworks */ = {isa = PBXBuildFile; fileRef = 79101C0724F2A8B100B4046A /* ListChampionship.framework */; settings = {ATTRIBUTES = (CodeSignOnCopy, RemoveHeadersOnCopy, ); }; };
/* End PBXBuildFile section */

/* Begin PBXContainerItemProxy section */
		79101B6024F2A47900B4046A /* PBXContainerItemProxy */ = {
			isa = PBXContainerItemProxy;
			containerPortal = 79101B4124F2A47800B4046A /* Project object */;
			proxyType = 1;
			remoteGlobalIDString = 79101B4824F2A47800B4046A;
			remoteInfo = Brasileirapp;
		};
/* End PBXContainerItemProxy section */

/* Begin PBXCopyFilesBuildPhase section */
		79101C0A24F2A8B100B4046A /* Embed Frameworks */ = {
			isa = PBXCopyFilesBuildPhase;
			buildActionMask = 2147483647;
			dstPath = "";
			dstSubfolderSpec = 10;
			files = (
				79101C0924F2A8B100B4046A /* ListChampionship.framework in Embed Frameworks */,
			);
			name = "Embed Frameworks";
			runOnlyForDeploymentPostprocessing = 0;
		};
/* End PBXCopyFilesBuildPhase section */

/* Begin PBXFileReference section */
		79101B4924F2A47800B4046A /* Brasileirapp.app */ = {isa = PBXFileReference; explicitFileType = wrapper.application; includeInIndex = 0; path = Brasileirapp.app; sourceTree = BUILT_PRODUCTS_DIR; };
		79101B4C24F2A47800B4046A /* AppDelegate.swift */ = {isa = PBXFileReference; lastKnownFileType = sourcecode.swift; path = AppDelegate.swift; sourceTree = "<group>"; };
		79101B4E24F2A47800B4046A /* SceneDelegate.swift */ = {isa = PBXFileReference; lastKnownFileType = sourcecode.swift; path = SceneDelegate.swift; sourceTree = "<group>"; };
		79101B5024F2A47800B4046A /* ContentView.swift */ = {isa = PBXFileReference; lastKnownFileType = sourcecode.swift; path = ContentView.swift; sourceTree = "<group>"; };
		79101B5224F2A47900B4046A /* Assets.xcassets */ = {isa = PBXFileReference; lastKnownFileType = folder.assetcatalog; path = Assets.xcassets; sourceTree = "<group>"; };
		79101B5524F2A47900B4046A /* Preview Assets.xcassets */ = {isa = PBXFileReference; lastKnownFileType = folder.assetcatalog; path = "Preview Assets.xcassets"; sourceTree = "<group>"; };
		79101B5824F2A47900B4046A /* Base */ = {isa = PBXFileReference; lastKnownFileType = file.storyboard; name = Base; path = Base.lproj/LaunchScreen.storyboard; sourceTree = "<group>"; };
		79101B5A24F2A47900B4046A /* Info.plist */ = {isa = PBXFileReference; lastKnownFileType = text.plist.xml; path = Info.plist; sourceTree = "<group>"; };
		79101B5F24F2A47900B4046A /* BrasileirappTests.xctest */ = {isa = PBXFileReference; explicitFileType = wrapper.cfbundle; includeInIndex = 0; path = BrasileirappTests.xctest; sourceTree = BUILT_PRODUCTS_DIR; };
		79101B6324F2A47900B4046A /* BrasileirappTests.swift */ = {isa = PBXFileReference; lastKnownFileType = sourcecode.swift; path = BrasileirappTests.swift; sourceTree = "<group>"; };
		79101B6524F2A47900B4046A /* Info.plist */ = {isa = PBXFileReference; lastKnownFileType = text.plist.xml; path = Info.plist; sourceTree = "<group>"; };
		79101C0724F2A8B100B4046A /* ListChampionship.framework */ = {isa = PBXFileReference; explicitFileType = wrapper.framework; path = ListChampionship.framework; sourceTree = BUILT_PRODUCTS_DIR; };
/* End PBXFileReference section */

/* Begin PBXFrameworksBuildPhase section */
		79101B4624F2A47800B4046A /* Frameworks */ = {
			isa = PBXFrameworksBuildPhase;
			buildActionMask = 2147483647;
			files = (
				79101C0824F2A8B100B4046A /* ListChampionship.framework in Frameworks */,
			);
			runOnlyForDeploymentPostprocessing = 0;
		};
		79101B5C24F2A47900B4046A /* Frameworks */ = {
			isa = PBXFrameworksBuildPhase;
			buildActionMask = 2147483647;
			files = (
			);
			runOnlyForDeploymentPostprocessing = 0;
		};
/* End PBXFrameworksBuildPhase section */

/* Begin PBXGroup section */
		79101B4024F2A47800B4046A = {
			isa = PBXGroup;
			children = (
				79101B4B24F2A47800B4046A /* Brasileirapp */,
				79101B6224F2A47900B4046A /* BrasileirappTests */,
				79101B4A24F2A47800B4046A /* Products */,
				79101C0624F2A8B100B4046A /* Frameworks */,
			);
			sourceTree = "<group>";
		};
		79101B4A24F2A47800B4046A /* Products */ = {
			isa = PBXGroup;
			children = (
				79101B4924F2A47800B4046A /* Brasileirapp.app */,
				79101B5F24F2A47900B4046A /* BrasileirappTests.xctest */,
			);
			name = Products;
			sourceTree = "<group>";
		};
		79101B4B24F2A47800B4046A /* Brasileirapp */ = {
			isa = PBXGroup;
			children = (
				79101B4C24F2A47800B4046A /* AppDelegate.swift */,
				79101B4E24F2A47800B4046A /* SceneDelegate.swift */,
				79101B5024F2A47800B4046A /* ContentView.swift */,
				79101B5224F2A47900B4046A /* Assets.xcassets */,
				79101B5724F2A47900B4046A /* LaunchScreen.storyboard */,
				79101B5A24F2A47900B4046A /* Info.plist */,
				79101B5424F2A47900B4046A /* Preview Content */,
			);
			path = Brasileirapp;
			sourceTree = "<group>";
		};
		79101B5424F2A47900B4046A /* Preview Content */ = {
			isa = PBXGroup;
			children = (
				79101B5524F2A47900B4046A /* Preview Assets.xcassets */,
			);
			path = "Preview Content";
			sourceTree = "<group>";
		};
		79101B6224F2A47900B4046A /* BrasileirappTests */ = {
			isa = PBXGroup;
			children = (
				79101B6324F2A47900B4046A /* BrasileirappTests.swift */,
				79101B6524F2A47900B4046A /* Info.plist */,
			);
			path = BrasileirappTests;
			sourceTree = "<group>";
		};
		79101C0624F2A8B100B4046A /* Frameworks */ = {
			isa = PBXGroup;
			children = (
				79101C0724F2A8B100B4046A /* ListChampionship.framework */,
			);
			name = Frameworks;
			sourceTree = "<group>";
		};
/* End PBXGroup section */

/* Begin PBXNativeTarget section */
		79101B4824F2A47800B4046A /* Brasileirapp */ = {
			isa = PBXNativeTarget;
			buildConfigurationList = 79101B6824F2A47900B4046A /* Build configuration list for PBXNativeTarget "Brasileirapp" */;
			buildPhases = (
				79101B4524F2A47800B4046A /* Sources */,
				79101B4624F2A47800B4046A /* Frameworks */,
				79101B4724F2A47800B4046A /* Resources */,
				79101C0A24F2A8B100B4046A /* Embed Frameworks */,
			);
			buildRules = (
			);
			dependencies = (
			);
			name = Brasileirapp;
			productName = Brasileirapp;
			productReference = 79101B4924F2A47800B4046A /* Brasileirapp.app */;
			productType = "com.apple.product-type.application";
		};
		79101B5E24F2A47900B4046A /* BrasileirappTests */ = {
			isa = PBXNativeTarget;
			buildConfigurationList = 79101B6B24F2A47900B4046A /* Build configuration list for PBXNativeTarget "BrasileirappTests" */;
			buildPhases = (
				79101B5B24F2A47900B4046A /* Sources */,
				79101B5C24F2A47900B4046A /* Frameworks */,
				79101B5D24F2A47900B4046A /* Resources */,
			);
			buildRules = (
			);
			dependencies = (
				79101B6124F2A47900B4046A /* PBXTargetDependency */,
			);
			name = BrasileirappTests;
			productName = BrasileirappTests;
			productReference = 79101B5F24F2A47900B4046A /* BrasileirappTests.xctest */;
			productType = "com.apple.product-type.bundle.unit-test";
		};
/* End PBXNativeTarget section */

/* Begin PBXProject section */
		79101B4124F2A47800B4046A /* Project object */ = {
			isa = PBXProject;
			attributes = {
				LastSwiftUpdateCheck = 1150;
				LastUpgradeCheck = 1150;
				ORGANIZATIONNAME = "Vinicius Mangueira";
				TargetAttributes = {
					79101B4824F2A47800B4046A = {
						CreatedOnToolsVersion = 11.5;
					};
					79101B5E24F2A47900B4046A = {
						CreatedOnToolsVersion = 11.5;
						TestTargetID = 79101B4824F2A47800B4046A;
					};
				};
			};
			buildConfigurationList = 79101B4424F2A47800B4046A /* Build configuration list for PBXProject "Brasileirapp" */;
			compatibilityVersion = "Xcode 9.3";
			developmentRegion = en;
			hasScannedForEncodings = 0;
			knownRegions = (
				en,
				Base,
			);
			mainGroup = 79101B4024F2A47800B4046A;
			productRefGroup = 79101B4A24F2A47800B4046A /* Products */;
			projectDirPath = "";
			projectRoot = "";
			targets = (
				79101B4824F2A47800B4046A /* Brasileirapp */,
				79101B5E24F2A47900B4046A /* BrasileirappTests */,
			);
		};
/* End PBXProject section */

/* Begin PBXResourcesBuildPhase section */
		79101B4724F2A47800B4046A /* Resources */ = {
			isa = PBXResourcesBuildPhase;
			buildActionMask = 2147483647;
			files = (
				79101B5924F2A47900B4046A /* LaunchScreen.storyboard in Resources */,
				79101B5624F2A47900B4046A /* Preview Assets.xcassets in Resources */,
				79101B5324F2A47900B4046A /* Assets.xcassets in Resources */,
			);
			runOnlyForDeploymentPostprocessing = 0;
		};
		79101B5D24F2A47900B4046A /* Resources */ = {
			isa = PBXResourcesBuildPhase;
			buildActionMask = 2147483647;
			files = (
			);
			runOnlyForDeploymentPostprocessing = 0;
		};
/* End PBXResourcesBuildPhase section */

/* Begin PBXSourcesBuildPhase section */
		79101B4524F2A47800B4046A /* Sources */ = {
			isa = PBXSourcesBuildPhase;
			buildActionMask = 2147483647;
			files = (
				79101B4D24F2A47800B4046A /* AppDelegate.swift in Sources */,
				79101B4F24F2A47800B4046A /* SceneDelegate.swift in Sources */,
				79101B5124F2A47800B4046A /* ContentView.swift in Sources */,
			);
			runOnlyForDeploymentPostprocessing = 0;
		};
		79101B5B24F2A47900B4046A /* Sources */ = {
			isa = PBXSourcesBuildPhase;
			buildActionMask = 2147483647;
			files = (
				79101B6424F2A47900B4046A /* BrasileirappTests.swift in Sources */,
			);
			runOnlyForDeploymentPostprocessing = 0;
		};
/* End PBXSourcesBuildPhase section */

/* Begin PBXTargetDependency section */
		79101B6124F2A47900B4046A /* PBXTargetDependency */ = {
			isa = PBXTargetDependency;
			target = 79101B4824F2A47800B4046A /* Brasileirapp */;
			targetProxy = 79101B6024F2A47900B4046A /* PBXContainerItemProxy */;
		};
/* End PBXTargetDependency section */

/* Begin PBXVariantGroup section */
		79101B5724F2A47900B4046A /* LaunchScreen.storyboard */ = {
			isa = PBXVariantGroup;
			children = (
				79101B5824F2A47900B4046A /* Base */,
			);
			name = LaunchScreen.storyboard;
			sourceTree = "<group>";
		};
/* End PBXVariantGroup section */

/* Begin XCBuildConfiguration section */
		79101B6624F2A47900B4046A /* Debug */ = {
			isa = XCBuildConfiguration;
			buildSettings = {
				ALWAYS_SEARCH_USER_PATHS = NO;
				CLANG_ANALYZER_NONNULL = YES;
				CLANG_ANALYZER_NUMBER_OBJECT_CONVERSION = YES_AGGRESSIVE;
				CLANG_CXX_LANGUAGE_STANDARD = "gnu++14";
				CLANG_CXX_LIBRARY = "libc++";
				CLANG_ENABLE_MODULES = YES;
				CLANG_ENABLE_OBJC_ARC = YES;
				CLANG_ENABLE_OBJC_WEAK = YES;
				CLANG_WARN_BLOCK_CAPTURE_AUTORELEASING = YES;
				CLANG_WARN_BOOL_CONVERSION = YES;
				CLANG_WARN_COMMA = YES;
				CLANG_WARN_CONSTANT_CONVERSION = YES;
				CLANG_WARN_DEPRECATED_OBJC_IMPLEMENTATIONS = YES;
				CLANG_WARN_DIRECT_OBJC_ISA_USAGE = YES_ERROR;
				CLANG_WARN_DOCUMENTATION_COMMENTS = YES;
				CLANG_WARN_EMPTY_BODY = YES;
				CLANG_WARN_ENUM_CONVERSION = YES;
				CLANG_WARN_INFINITE_RECURSION = YES;
				CLANG_WARN_INT_CONVERSION = YES;
				CLANG_WARN_NON_LITERAL_NULL_CONVERSION = YES;
				CLANG_WARN_OBJC_IMPLICIT_RETAIN_SELF = YES;
				CLANG_WARN_OBJC_LITERAL_CONVERSION = YES;
				CLANG_WARN_OBJC_ROOT_CLASS = YES_ERROR;
				CLANG_WARN_RANGE_LOOP_ANALYSIS = YES;
				CLANG_WARN_STRICT_PROTOTYPES = YES;
				CLANG_WARN_SUSPICIOUS_MOVE = YES;
				CLANG_WARN_UNGUARDED_AVAILABILITY = YES_AGGRESSIVE;
				CLANG_WARN_UNREACHABLE_CODE = YES;
				CLANG_WARN__DUPLICATE_METHOD_MATCH = YES;
				COPY_PHASE_STRIP = NO;
				DEBUG_INFORMATION_FORMAT = dwarf;
				ENABLE_STRICT_OBJC_MSGSEND = YES;
				ENABLE_TESTABILITY = YES;
				GCC_C_LANGUAGE_STANDARD = gnu11;
				GCC_DYNAMIC_NO_PIC = NO;
				GCC_NO_COMMON_BLOCKS = YES;
				GCC_OPTIMIZATION_LEVEL = 0;
				GCC_PREPROCESSOR_DEFINITIONS = (
					"DEBUG=1",
					"$(inherited)",
				);
				GCC_WARN_64_TO_32_BIT_CONVERSION = YES;
				GCC_WARN_ABOUT_RETURN_TYPE = YES_ERROR;
				GCC_WARN_UNDECLARED_SELECTOR = YES;
				GCC_WARN_UNINITIALIZED_AUTOS = YES_AGGRESSIVE;
				GCC_WARN_UNUSED_FUNCTION = YES;
				GCC_WARN_UNUSED_VARIABLE = YES;
				IPHONEOS_DEPLOYMENT_TARGET = 13.5;
				MTL_ENABLE_DEBUG_INFO = INCLUDE_SOURCE;
				MTL_FAST_MATH = YES;
				ONLY_ACTIVE_ARCH = YES;
				SDKROOT = iphoneos;
				SWIFT_ACTIVE_COMPILATION_CONDITIONS = DEBUG;
				SWIFT_OPTIMIZATION_LEVEL = "-Onone";
			};
			name = Debug;
		};
		79101B6724F2A47900B4046A /* Release */ = {
			isa = XCBuildConfiguration;
			buildSettings = {
				ALWAYS_SEARCH_USER_PATHS = NO;
				CLANG_ANALYZER_NONNULL = YES;
				CLANG_ANALYZER_NUMBER_OBJECT_CONVERSION = YES_AGGRESSIVE;
				CLANG_CXX_LANGUAGE_STANDARD = "gnu++14";
				CLANG_CXX_LIBRARY = "libc++";
				CLANG_ENABLE_MODULES = YES;
				CLANG_ENABLE_OBJC_ARC = YES;
				CLANG_ENABLE_OBJC_WEAK = YES;
				CLANG_WARN_BLOCK_CAPTURE_AUTORELEASING = YES;
				CLANG_WARN_BOOL_CONVERSION = YES;
				CLANG_WARN_COMMA = YES;
				CLANG_WARN_CONSTANT_CONVERSION = YES;
				CLANG_WARN_DEPRECATED_OBJC_IMPLEMENTATIONS = YES;
				CLANG_WARN_DIRECT_OBJC_ISA_USAGE = YES_ERROR;
				CLANG_WARN_DOCUMENTATION_COMMENTS = YES;
				CLANG_WARN_EMPTY_BODY = YES;
				CLANG_WARN_ENUM_CONVERSION = YES;
				CLANG_WARN_INFINITE_RECURSION = YES;
				CLANG_WARN_INT_CONVERSION = YES;
				CLANG_WARN_NON_LITERAL_NULL_CONVERSION = YES;
				CLANG_WARN_OBJC_IMPLICIT_RETAIN_SELF = YES;
				CLANG_WARN_OBJC_LITERAL_CONVERSION = YES;
				CLANG_WARN_OBJC_ROOT_CLASS = YES_ERROR;
				CLANG_WARN_RANGE_LOOP_ANALYSIS = YES;
				CLANG_WARN_STRICT_PROTOTYPES = YES;
				CLANG_WARN_SUSPICIOUS_MOVE = YES;
				CLANG_WARN_UNGUARDED_AVAILABILITY = YES_AGGRESSIVE;
				CLANG_WARN_UNREACHABLE_CODE = YES;
				CLANG_WARN__DUPLICATE_METHOD_MATCH = YES;
				COPY_PHASE_STRIP = NO;
				DEBUG_INFORMATION_FORMAT = "dwarf-with-dsym";
				ENABLE_NS_ASSERTIONS = NO;
				ENABLE_STRICT_OBJC_MSGSEND = YES;
				GCC_C_LANGUAGE_STANDARD = gnu11;
				GCC_NO_COMMON_BLOCKS = YES;
				GCC_WARN_64_TO_32_BIT_CONVERSION = YES;
				GCC_WARN_ABOUT_RETURN_TYPE = YES_ERROR;
				GCC_WARN_UNDECLARED_SELECTOR = YES;
				GCC_WARN_UNINITIALIZED_AUTOS = YES_AGGRESSIVE;
				GCC_WARN_UNUSED_FUNCTION = YES;
				GCC_WARN_UNUSED_VARIABLE = YES;
				IPHONEOS_DEPLOYMENT_TARGET = 13.5;
				MTL_ENABLE_DEBUG_INFO = NO;
				MTL_FAST_MATH = YES;
				SDKROOT = iphoneos;
				SWIFT_COMPILATION_MODE = wholemodule;
				SWIFT_OPTIMIZATION_LEVEL = "-O";
				VALIDATE_PRODUCT = YES;
			};
			name = Release;
		};
		79101B6924F2A47900B4046A /* Debug */ = {
			isa = XCBuildConfiguration;
			buildSettings = {
				ASSETCATALOG_COMPILER_APPICON_NAME = AppIcon;
				CODE_SIGN_STYLE = Automatic;
				DEVELOPMENT_ASSET_PATHS = "\"Brasileirapp/Preview Content\"";
				DEVELOPMENT_TEAM = 92KFQZ687A;
				ENABLE_PREVIEWS = YES;
				INFOPLIST_FILE = Brasileirapp/Info.plist;
				LD_RUNPATH_SEARCH_PATHS = (
					"$(inherited)",
					"@executable_path/Frameworks",
				);
				PRODUCT_BUNDLE_IDENTIFIER = com.academy.Brasileirapp;
				PRODUCT_NAME = "$(TARGET_NAME)";
				SWIFT_VERSION = 5.0;
				TARGETED_DEVICE_FAMILY = "1,2";
			};
			name = Debug;
		};
		79101B6A24F2A47900B4046A /* Release */ = {
			isa = XCBuildConfiguration;
			buildSettings = {
				ASSETCATALOG_COMPILER_APPICON_NAME = AppIcon;
				CODE_SIGN_STYLE = Automatic;
				DEVELOPMENT_ASSET_PATHS = "\"Brasileirapp/Preview Content\"";
				DEVELOPMENT_TEAM = 92KFQZ687A;
				ENABLE_PREVIEWS = YES;
				INFOPLIST_FILE = Brasileirapp/Info.plist;
				LD_RUNPATH_SEARCH_PATHS = (
					"$(inherited)",
					"@executable_path/Frameworks",
				);
				PRODUCT_BUNDLE_IDENTIFIER = com.academy.Brasileirapp;
				PRODUCT_NAME = "$(TARGET_NAME)";
				SWIFT_VERSION = 5.0;
				TARGETED_DEVICE_FAMILY = "1,2";
			};
			name = Release;
		};
		79101B6C24F2A47900B4046A /* Debug */ = {
			isa = XCBuildConfiguration;
			buildSettings = {
				ALWAYS_EMBED_SWIFT_STANDARD_LIBRARIES = YES;
				BUNDLE_LOADER = "$(TEST_HOST)";
				CODE_SIGN_STYLE = Automatic;
				DEVELOPMENT_TEAM = 92KFQZ687A;
				INFOPLIST_FILE = BrasileirappTests/Info.plist;
				IPHONEOS_DEPLOYMENT_TARGET = 13.5;
				LD_RUNPATH_SEARCH_PATHS = (
					"$(inherited)",
					"@executable_path/Frameworks",
					"@loader_path/Frameworks",
				);
				PRODUCT_BUNDLE_IDENTIFIER = com.academy.BrasileirappTests;
				PRODUCT_NAME = "$(TARGET_NAME)";
				SWIFT_VERSION = 5.0;
				TARGETED_DEVICE_FAMILY = "1,2";
				TEST_HOST = "$(BUILT_PRODUCTS_DIR)/Brasileirapp.app/Brasileirapp";
			};
			name = Debug;
		};
		79101B6D24F2A47900B4046A /* Release */ = {
			isa = XCBuildConfiguration;
			buildSettings = {
				ALWAYS_EMBED_SWIFT_STANDARD_LIBRARIES = YES;
				BUNDLE_LOADER = "$(TEST_HOST)";
				CODE_SIGN_STYLE = Automatic;
				DEVELOPMENT_TEAM = 92KFQZ687A;
				INFOPLIST_FILE = BrasileirappTests/Info.plist;
				IPHONEOS_DEPLOYMENT_TARGET = 13.5;
				LD_RUNPATH_SEARCH_PATHS = (
					"$(inherited)",
					"@executable_path/Frameworks",
					"@loader_path/Frameworks",
				);
				PRODUCT_BUNDLE_IDENTIFIER = com.academy.BrasileirappTests;
				PRODUCT_NAME = "$(TARGET_NAME)";
				SWIFT_VERSION = 5.0;
				TARGETED_DEVICE_FAMILY = "1,2";
				TEST_HOST = "$(BUILT_PRODUCTS_DIR)/Brasileirapp.app/Brasileirapp";
			};
			name = Release;
		};
/* End XCBuildConfiguration section */

/* Begin XCConfigurationList section */
		79101B4424F2A47800B4046A /* Build configuration list for PBXProject "Brasileirapp" */ = {
			isa = XCConfigurationList;
			buildConfigurations = (
				79101B6624F2A47900B4046A /* Debug */,
				79101B6724F2A47900B4046A /* Release */,
			);
			defaultConfigurationIsVisible = 0;
			defaultConfigurationName = Release;
		};
		79101B6824F2A47900B4046A /* Build configuration list for PBXNativeTarget "Brasileirapp" */ = {
			isa = XCConfigurationList;
			buildConfigurations = (
				79101B6924F2A47900B4046A /* Debug */,
				79101B6A24F2A47900B4046A /* Release */,
			);
			defaultConfigurationIsVisible = 0;
			defaultConfigurationName = Release;
		};
		79101B6B24F2A47900B4046A /* Build configuration list for PBXNativeTarget "BrasileirappTests" */ = {
			isa = XCConfigurationList;
			buildConfigurations = (
				79101B6C24F2A47900B4046A /* Debug */,
				79101B6D24F2A47900B4046A /* Release */,
			);
			defaultConfigurationIsVisible = 0;
			defaultConfigurationName = Release;
		};
/* End XCConfigurationList section */
	};
	rootObject = 79101B4124F2A47800B4046A /* Project object */;
}
