// !$*UTF8*$!
{
	archiveVersion = 1;
	classes = {
	};
	objectVersion = 50;
	objects = {

/* Begin PBXBuildFile section */
		79101BCA24F2A5E100B4046A /* ServiceSDK.framework in Frameworks */ = {isa = PBXBuildFile; fileRef = 79101BC024F2A5E100B4046A /* ServiceSDK.framework */; };
		79101BCF24F2A5E100B4046A /* ServiceSDKTests.swift in Sources */ = {isa = PBXBuildFile; fileRef = 79101BCE24F2A5E100B4046A /* ServiceSDKTests.swift */; };
		79101BD124F2A5E100B4046A /* ServiceSDK.h in Headers */ = {isa = PBXBuildFile; fileRef = 79101BC324F2A5E100B4046A /* ServiceSDK.h */; settings = {ATTRIBUTES = (Public, ); }; };
/* End PBXBuildFile section */

/* Begin PBXContainerItemProxy section */
		79101BCB24F2A5E100B4046A /* PBXContainerItemProxy */ = {
			isa = PBXContainerItemProxy;
			containerPortal = 79101BB724F2A5E100B4046A /* Project object */;
			proxyType = 1;
			remoteGlobalIDString = 79101BBF24F2A5E100B4046A;
			remoteInfo = ServiceSDK;
		};
/* End PBXContainerItemProxy section */

/* Begin PBXFileReference section */
		79101BC024F2A5E100B4046A /* ServiceSDK.framework */ = {isa = PBXFileReference; explicitFileType = wrapper.framework; includeInIndex = 0; path = ServiceSDK.framework; sourceTree = BUILT_PRODUCTS_DIR; };
		79101BC324F2A5E100B4046A /* ServiceSDK.h */ = {isa = PBXFileReference; lastKnownFileType = sourcecode.c.h; path = ServiceSDK.h; sourceTree = "<group>"; };
		79101BC424F2A5E100B4046A /* Info.plist */ = {isa = PBXFileReference; lastKnownFileType = text.plist.xml; path = Info.plist; sourceTree = "<group>"; };
		79101BC924F2A5E100B4046A /* ServiceSDKTests.xctest */ = {isa = PBXFileReference; explicitFileType = wrapper.cfbundle; includeInIndex = 0; path = ServiceSDKTests.xctest; sourceTree = BUILT_PRODUCTS_DIR; };
		79101BCE24F2A5E100B4046A /* ServiceSDKTests.swift */ = {isa = PBXFileReference; lastKnownFileType = sourcecode.swift; path = ServiceSDKTests.swift; sourceTree = "<group>"; };
		79101BD024F2A5E100B4046A /* Info.plist */ = {isa = PBXFileReference; lastKnownFileType = text.plist.xml; path = Info.plist; sourceTree = "<group>"; };
/* End PBXFileReference section */

/* Begin PBXFrameworksBuildPhase section */
		79101BBD24F2A5E100B4046A /* Frameworks */ = {
			isa = PBXFrameworksBuildPhase;
			buildActionMask = 2147483647;
			files = (
			);
			runOnlyForDeploymentPostprocessing = 0;
		};
		79101BC624F2A5E100B4046A /* Frameworks */ = {
			isa = PBXFrameworksBuildPhase;
			buildActionMask = 2147483647;
			files = (
				79101BCA24F2A5E100B4046A /* ServiceSDK.framework in Frameworks */,
			);
			runOnlyForDeploymentPostprocessing = 0;
		};
/* End PBXFrameworksBuildPhase section */

/* Begin PBXGroup section */
		79101BB624F2A5E100B4046A = {
			isa = PBXGroup;
			children = (
				79101BC224F2A5E100B4046A /* ServiceSDK */,
				79101BCD24F2A5E100B4046A /* ServiceSDKTests */,
				79101BC124F2A5E100B4046A /* Products */,
			);
			sourceTree = "<group>";
		};
		79101BC124F2A5E100B4046A /* Products */ = {
			isa = PBXGroup;
			children = (
				79101BC024F2A5E100B4046A /* ServiceSDK.framework */,
				79101BC924F2A5E100B4046A /* ServiceSDKTests.xctest */,
			);
			name = Products;
			sourceTree = "<group>";
		};
		79101BC224F2A5E100B4046A /* ServiceSDK */ = {
			isa = PBXGroup;
			children = (
				79101BC324F2A5E100B4046A /* ServiceSDK.h */,
				79101BC424F2A5E100B4046A /* Info.plist */,
			);
			path = ServiceSDK;
			sourceTree = "<group>";
		};
		79101BCD24F2A5E100B4046A /* ServiceSDKTests */ = {
			isa = PBXGroup;
			children = (
				79101BCE24F2A5E100B4046A /* ServiceSDKTests.swift */,
				79101BD024F2A5E100B4046A /* Info.plist */,
			);
			path = ServiceSDKTests;
			sourceTree = "<group>";
		};
/* End PBXGroup section */

/* Begin PBXHeadersBuildPhase section */
		79101BBB24F2A5E100B4046A /* Headers */ = {
			isa = PBXHeadersBuildPhase;
			buildActionMask = 2147483647;
			files = (
				79101BD124F2A5E100B4046A /* ServiceSDK.h in Headers */,
			);
			runOnlyForDeploymentPostprocessing = 0;
		};
/* End PBXHeadersBuildPhase section */

/* Begin PBXNativeTarget section */
		79101BBF24F2A5E100B4046A /* ServiceSDK */ = {
			isa = PBXNativeTarget;
			buildConfigurationList = 79101BD424F2A5E100B4046A /* Build configuration list for PBXNativeTarget "ServiceSDK" */;
			buildPhases = (
				79101BBB24F2A5E100B4046A /* Headers */,
				79101BBC24F2A5E100B4046A /* Sources */,
				79101BBD24F2A5E100B4046A /* Frameworks */,
				79101BBE24F2A5E100B4046A /* Resources */,
			);
			buildRules = (
			);
			dependencies = (
			);
			name = ServiceSDK;
			productName = ServiceSDK;
			productReference = 79101BC024F2A5E100B4046A /* ServiceSDK.framework */;
			productType = "com.apple.product-type.framework";
		};
		79101BC824F2A5E100B4046A /* ServiceSDKTests */ = {
			isa = PBXNativeTarget;
			buildConfigurationList = 79101BD724F2A5E100B4046A /* Build configuration list for PBXNativeTarget "ServiceSDKTests" */;
			buildPhases = (
				79101BC524F2A5E100B4046A /* Sources */,
				79101BC624F2A5E100B4046A /* Frameworks */,
				79101BC724F2A5E100B4046A /* Resources */,
			);
			buildRules = (
			);
			dependencies = (
				79101BCC24F2A5E100B4046A /* PBXTargetDependency */,
			);
			name = ServiceSDKTests;
			productName = ServiceSDKTests;
			productReference = 79101BC924F2A5E100B4046A /* ServiceSDKTests.xctest */;
			productType = "com.apple.product-type.bundle.unit-test";
		};
/* End PBXNativeTarget section */

/* Begin PBXProject section */
		79101BB724F2A5E100B4046A /* Project object */ = {
			isa = PBXProject;
			attributes = {
				LastSwiftUpdateCheck = 1150;
				LastUpgradeCheck = 1150;
				ORGANIZATIONNAME = "Vinicius Mangueira";
				TargetAttributes = {
					79101BBF24F2A5E100B4046A = {
						CreatedOnToolsVersion = 11.5;
					};
					79101BC824F2A5E100B4046A = {
						CreatedOnToolsVersion = 11.5;
					};
				};
			};
			buildConfigurationList = 79101BBA24F2A5E100B4046A /* Build configuration list for PBXProject "ServiceSDK" */;
			compatibilityVersion = "Xcode 9.3";
			developmentRegion = en;
			hasScannedForEncodings = 0;
			knownRegions = (
				en,
				Base,
			);
			mainGroup = 79101BB624F2A5E100B4046A;
			productRefGroup = 79101BC124F2A5E100B4046A /* Products */;
			projectDirPath = "";
			projectRoot = "";
			targets = (
				79101BBF24F2A5E100B4046A /* ServiceSDK */,
				79101BC824F2A5E100B4046A /* ServiceSDKTests */,
			);
		};
/* End PBXProject section */

/* Begin PBXResourcesBuildPhase section */
		79101BBE24F2A5E100B4046A /* Resources */ = {
			isa = PBXResourcesBuildPhase;
			buildActionMask = 2147483647;
			files = (
			);
			runOnlyForDeploymentPostprocessing = 0;
		};
		79101BC724F2A5E100B4046A /* Resources */ = {
			isa = PBXResourcesBuildPhase;
			buildActionMask = 2147483647;
			files = (
			);
			runOnlyForDeploymentPostprocessing = 0;
		};
/* End PBXResourcesBuildPhase section */

/* Begin PBXSourcesBuildPhase section */
		79101BBC24F2A5E100B4046A /* Sources */ = {
			isa = PBXSourcesBuildPhase;
			buildActionMask = 2147483647;
			files = (
			);
			runOnlyForDeploymentPostprocessing = 0;
		};
		79101BC524F2A5E100B4046A /* Sources */ = {
			isa = PBXSourcesBuildPhase;
			buildActionMask = 2147483647;
			files = (
				79101BCF24F2A5E100B4046A /* ServiceSDKTests.swift in Sources */,
			);
			runOnlyForDeploymentPostprocessing = 0;
		};
/* End PBXSourcesBuildPhase section */

/* Begin PBXTargetDependency section */
		79101BCC24F2A5E100B4046A /* PBXTargetDependency */ = {
			isa = PBXTargetDependency;
			target = 79101BBF24F2A5E100B4046A /* ServiceSDK */;
			targetProxy = 79101BCB24F2A5E100B4046A /* PBXContainerItemProxy */;
		};
/* End PBXTargetDependency section */

/* Begin XCBuildConfiguration section */
		79101BD224F2A5E100B4046A /* Debug */ = {
			isa = XCBuildConfiguration;
			buildSettings = {
				ALWAYS_SEARCH_USER_PATHS = NO;
				CLANG_ANALYZER_NONNULL = YES;
				CLANG_ANALYZER_NUMBER_OBJECT_CONVERSION = YES_AGGRESSIVE;
				CLANG_CXX_LANGUAGE_STANDARD = "gnu++14";
				CLANG_CXX_LIBRARY = "libc++";
				CLANG_ENABLE_MODULES = YES;
				CLANG_ENABLE_OBJC_ARC = YES;
				CLANG_ENABLE_OBJC_WEAK = YES;
				CLANG_WARN_BLOCK_CAPTURE_AUTORELEASING = YES;
				CLANG_WARN_BOOL_CONVERSION = YES;
				CLANG_WARN_COMMA = YES;
				CLANG_WARN_CONSTANT_CONVERSION = YES;
				CLANG_WARN_DEPRECATED_OBJC_IMPLEMENTATIONS = YES;
				CLANG_WARN_DIRECT_OBJC_ISA_USAGE = YES_ERROR;
				CLANG_WARN_DOCUMENTATION_COMMENTS = YES;
				CLANG_WARN_EMPTY_BODY = YES;
				CLANG_WARN_ENUM_CONVERSION = YES;
				CLANG_WARN_INFINITE_RECURSION = YES;
				CLANG_WARN_INT_CONVERSION = YES;
				CLANG_WARN_NON_LITERAL_NULL_CONVERSION = YES;
				CLANG_WARN_OBJC_IMPLICIT_RETAIN_SELF = YES;
				CLANG_WARN_OBJC_LITERAL_CONVERSION = YES;
				CLANG_WARN_OBJC_ROOT_CLASS = YES_ERROR;
				CLANG_WARN_RANGE_LOOP_ANALYSIS = YES;
				CLANG_WARN_STRICT_PROTOTYPES = YES;
				CLANG_WARN_SUSPICIOUS_MOVE = YES;
				CLANG_WARN_UNGUARDED_AVAILABILITY = YES_AGGRESSIVE;
				CLANG_WARN_UNREACHABLE_CODE = YES;
				CLANG_WARN__DUPLICATE_METHOD_MATCH = YES;
				COPY_PHASE_STRIP = NO;
				CURRENT_PROJECT_VERSION = 1;
				DEBUG_INFORMATION_FORMAT = dwarf;
				ENABLE_STRICT_OBJC_MSGSEND = YES;
				ENABLE_TESTABILITY = YES;
				GCC_C_LANGUAGE_STANDARD = gnu11;
				GCC_DYNAMIC_NO_PIC = NO;
				GCC_NO_COMMON_BLOCKS = YES;
				GCC_OPTIMIZATION_LEVEL = 0;
				GCC_PREPROCESSOR_DEFINITIONS = (
					"DEBUG=1",
					"$(inherited)",
				);
				GCC_WARN_64_TO_32_BIT_CONVERSION = YES;
				GCC_WARN_ABOUT_RETURN_TYPE = YES_ERROR;
				GCC_WARN_UNDECLARED_SELECTOR = YES;
				GCC_WARN_UNINITIALIZED_AUTOS = YES_AGGRESSIVE;
				GCC_WARN_UNUSED_FUNCTION = YES;
				GCC_WARN_UNUSED_VARIABLE = YES;
				IPHONEOS_DEPLOYMENT_TARGET = 13.5;
				MTL_ENABLE_DEBUG_INFO = INCLUDE_SOURCE;
				MTL_FAST_MATH = YES;
				ONLY_ACTIVE_ARCH = YES;
				SDKROOT = iphoneos;
				SWIFT_ACTIVE_COMPILATION_CONDITIONS = DEBUG;
				SWIFT_OPTIMIZATION_LEVEL = "-Onone";
				VERSIONING_SYSTEM = "apple-generic";
				VERSION_INFO_PREFIX = "";
			};
			name = Debug;
		};
		79101BD324F2A5E100B4046A /* Release */ = {
			isa = XCBuildConfiguration;
			buildSettings = {
				ALWAYS_SEARCH_USER_PATHS = NO;
				CLANG_ANALYZER_NONNULL = YES;
				CLANG_ANALYZER_NUMBER_OBJECT_CONVERSION = YES_AGGRESSIVE;
				CLANG_CXX_LANGUAGE_STANDARD = "gnu++14";
				CLANG_CXX_LIBRARY = "libc++";
				CLANG_ENABLE_MODULES = YES;
				CLANG_ENABLE_OBJC_ARC = YES;
				CLANG_ENABLE_OBJC_WEAK = YES;
				CLANG_WARN_BLOCK_CAPTURE_AUTORELEASING = YES;
				CLANG_WARN_BOOL_CONVERSION = YES;
				CLANG_WARN_COMMA = YES;
				CLANG_WARN_CONSTANT_CONVERSION = YES;
				CLANG_WARN_DEPRECATED_OBJC_IMPLEMENTATIONS = YES;
				CLANG_WARN_DIRECT_OBJC_ISA_USAGE = YES_ERROR;
				CLANG_WARN_DOCUMENTATION_COMMENTS = YES;
				CLANG_WARN_EMPTY_BODY = YES;
				CLANG_WARN_ENUM_CONVERSION = YES;
				CLANG_WARN_INFINITE_RECURSION = YES;
				CLANG_WARN_INT_CONVERSION = YES;
				CLANG_WARN_NON_LITERAL_NULL_CONVERSION = YES;
				CLANG_WARN_OBJC_IMPLICIT_RETAIN_SELF = YES;
				CLANG_WARN_OBJC_LITERAL_CONVERSION = YES;
				CLANG_WARN_OBJC_ROOT_CLASS = YES_ERROR;
				CLANG_WARN_RANGE_LOOP_ANALYSIS = YES;
				CLANG_WARN_STRICT_PROTOTYPES = YES;
				CLANG_WARN_SUSPICIOUS_MOVE = YES;
				CLANG_WARN_UNGUARDED_AVAILABILITY = YES_AGGRESSIVE;
				CLANG_WARN_UNREACHABLE_CODE = YES;
				CLANG_WARN__DUPLICATE_METHOD_MATCH = YES;
				COPY_PHASE_STRIP = NO;
				CURRENT_PROJECT_VERSION = 1;
				DEBUG_INFORMATION_FORMAT = "dwarf-with-dsym";
				ENABLE_NS_ASSERTIONS = NO;
				ENABLE_STRICT_OBJC_MSGSEND = YES;
				GCC_C_LANGUAGE_STANDARD = gnu11;
				GCC_NO_COMMON_BLOCKS = YES;
				GCC_WARN_64_TO_32_BIT_CONVERSION = YES;
				GCC_WARN_ABOUT_RETURN_TYPE = YES_ERROR;
				GCC_WARN_UNDECLARED_SELECTOR = YES;
				GCC_WARN_UNINITIALIZED_AUTOS = YES_AGGRESSIVE;
				GCC_WARN_UNUSED_FUNCTION = YES;
				GCC_WARN_UNUSED_VARIABLE = YES;
				IPHONEOS_DEPLOYMENT_TARGET = 13.5;
				MTL_ENABLE_DEBUG_INFO = NO;
				MTL_FAST_MATH = YES;
				SDKROOT = iphoneos;
				SWIFT_COMPILATION_MODE = wholemodule;
				SWIFT_OPTIMIZATION_LEVEL = "-O";
				VALIDATE_PRODUCT = YES;
				VERSIONING_SYSTEM = "apple-generic";
				VERSION_INFO_PREFIX = "";
			};
			name = Release;
		};
		79101BD524F2A5E100B4046A /* Debug */ = {
			isa = XCBuildConfiguration;
			buildSettings = {
				CODE_SIGN_STYLE = Automatic;
				DEFINES_MODULE = YES;
				DEVELOPMENT_TEAM = 92KFQZ687A;
				DYLIB_COMPATIBILITY_VERSION = 1;
				DYLIB_CURRENT_VERSION = 1;
				DYLIB_INSTALL_NAME_BASE = "@rpath";
				INFOPLIST_FILE = ServiceSDK/Info.plist;
				INSTALL_PATH = "$(LOCAL_LIBRARY_DIR)/Frameworks";
				LD_RUNPATH_SEARCH_PATHS = (
					"$(inherited)",
					"@executable_path/Frameworks",
					"@loader_path/Frameworks",
				);
				PRODUCT_BUNDLE_IDENTIFIER = com.academy.ServiceSDK;
				PRODUCT_NAME = "$(TARGET_NAME:c99extidentifier)";
				SKIP_INSTALL = YES;
				SWIFT_VERSION = 5.0;
				TARGETED_DEVICE_FAMILY = "1,2";
			};
			name = Debug;
		};
		79101BD624F2A5E100B4046A /* Release */ = {
			isa = XCBuildConfiguration;
			buildSettings = {
				CODE_SIGN_STYLE = Automatic;
				DEFINES_MODULE = YES;
				DEVELOPMENT_TEAM = 92KFQZ687A;
				DYLIB_COMPATIBILITY_VERSION = 1;
				DYLIB_CURRENT_VERSION = 1;
				DYLIB_INSTALL_NAME_BASE = "@rpath";
				INFOPLIST_FILE = ServiceSDK/Info.plist;
				INSTALL_PATH = "$(LOCAL_LIBRARY_DIR)/Frameworks";
				LD_RUNPATH_SEARCH_PATHS = (
					"$(inherited)",
					"@executable_path/Frameworks",
					"@loader_path/Frameworks",
				);
				PRODUCT_BUNDLE_IDENTIFIER = com.academy.ServiceSDK;
				PRODUCT_NAME = "$(TARGET_NAME:c99extidentifier)";
				SKIP_INSTALL = YES;
				SWIFT_VERSION = 5.0;
				TARGETED_DEVICE_FAMILY = "1,2";
			};
			name = Release;
		};
		79101BD824F2A5E100B4046A /* Debug */ = {
			isa = XCBuildConfiguration;
			buildSettings = {
				CODE_SIGN_STYLE = Automatic;
				DEVELOPMENT_TEAM = 92KFQZ687A;
				INFOPLIST_FILE = ServiceSDKTests/Info.plist;
				LD_RUNPATH_SEARCH_PATHS = (
					"$(inherited)",
					"@executable_path/Frameworks",
					"@loader_path/Frameworks",
				);
				PRODUCT_BUNDLE_IDENTIFIER = com.academy.ServiceSDKTests;
				PRODUCT_NAME = "$(TARGET_NAME)";
				SWIFT_VERSION = 5.0;
				TARGETED_DEVICE_FAMILY = "1,2";
			};
			name = Debug;
		};
		79101BD924F2A5E100B4046A /* Release */ = {
			isa = XCBuildConfiguration;
			buildSettings = {
				CODE_SIGN_STYLE = Automatic;
				DEVELOPMENT_TEAM = 92KFQZ687A;
				INFOPLIST_FILE = ServiceSDKTests/Info.plist;
				LD_RUNPATH_SEARCH_PATHS = (
					"$(inherited)",
					"@executable_path/Frameworks",
					"@loader_path/Frameworks",
				);
				PRODUCT_BUNDLE_IDENTIFIER = com.academy.ServiceSDKTests;
				PRODUCT_NAME = "$(TARGET_NAME)";
				SWIFT_VERSION = 5.0;
				TARGETED_DEVICE_FAMILY = "1,2";
			};
			name = Release;
		};
/* End XCBuildConfiguration section */

/* Begin XCConfigurationList section */
		79101BBA24F2A5E100B4046A /* Build configuration list for PBXProject "ServiceSDK" */ = {
			isa = XCConfigurationList;
			buildConfigurations = (
				79101BD224F2A5E100B4046A /* Debug */,
				79101BD324F2A5E100B4046A /* Release */,
			);
			defaultConfigurationIsVisible = 0;
			defaultConfigurationName = Release;
		};
		79101BD424F2A5E100B4046A /* Build configuration list for PBXNativeTarget "ServiceSDK" */ = {
			isa = XCConfigurationList;
			buildConfigurations = (
				79101BD524F2A5E100B4046A /* Debug */,
				79101BD624F2A5E100B4046A /* Release */,
			);
			defaultConfigurationIsVisible = 0;
			defaultConfigurationName = Release;
		};
		79101BD724F2A5E100B4046A /* Build configuration list for PBXNativeTarget "ServiceSDKTests" */ = {
			isa = XCConfigurationList;
			buildConfigurations = (
				79101BD824F2A5E100B4046A /* Debug */,
				79101BD924F2A5E100B4046A /* Release */,
			);
			defaultConfigurationIsVisible = 0;
			defaultConfigurationName = Release;
		};
/* End XCConfigurationList section */
	};
	rootObject = 79101BB724F2A5E100B4046A /* Project object */;
}
